{"packages":{"browser":{"version":"0.3.2","source":"hosted","description":"browser"},"simple_audio":{"version":"0.9.0","source":"git","description":{"url":"https://github.com/johnmccutchan/simpleaudio.git","ref":null,"resolved-ref":"05c34c82a7419881473bd7fa218ff1c840a08336"}},"asset_pack":{"version":"0.0.1","source":"git","description":{"url":"https://github.com/johnmccutchan/asset_pack.git","ref":null,"resolved-ref":"6188332ee60bb93c0026b8c8b0f4b1aff66ff4c3"}},"property_map":{"version":"0.0.16","source":"git","description":{"url":"https://github.com/sethillgard/property_map.git","ref":null,"resolved-ref":"eda6b08fae80efce3ca6d667a646c27e9b394480"}},"unittest":{"version":"0.3.7+6","source":"hosted","description":"unittest"},"meta":{"version":"0.3.7+6","source":"hosted","description":"meta"}}}